
Microsoft Visual Studio Solution File, Format Version 12.00
# Visual Studio Version 16
VisualStudioVersion = 16.0.29230.47
MinimumVisualStudioVersion = 10.0.40219.1
Project("{9A19103F-16F7-4668-BE54-9A1E7A4F7556}") = "SocialManager", "SocialManager\SocialManager.csproj", "{C67DC24C-27D7-4EF1-8F3A-DB23BA5ED990}"
EndProject
Project("{9A19103F-16F7-4668-BE54-9A1E7A4F7556}") = "SocialManager.Test", "SocialManager.Test\SocialManager.Test.csproj", "{9DB091BE-3721-4FA4-B155-14DD4C7619D9}"
EndProject
Project("{FAE04EC0-301F-11D3-BF4B-00C04F79EFBC}") = "ConsoleApp", "ConsoleApp\ConsoleApp.csproj", "{A577AB43-7E28-48FA-A900-879D3058F7E5}"
EndProject
Global
	GlobalSection(SolutionConfigurationPlatforms) = preSolution
		Debug|Any CPU = Debug|Any CPU
		Release|Any CPU = Release|Any CPU
	EndGlobalSection
	GlobalSection(ProjectConfigurationPlatforms) = postSolution
		{C67DC24C-27D7-4EF1-8F3A-DB23BA5ED990}.Debug|Any CPU.ActiveCfg = Debug|Any CPU
		{C67DC24C-27D7-4EF1-8F3A-DB23BA5ED990}.Debug|Any CPU.Build.0 = Debug|Any CPU
		{C67DC24C-27D7-4EF1-8F3A-DB23BA5ED990}.Release|Any CPU.ActiveCfg = Release|Any CPU
		{C67DC24C-27D7-4EF1-8F3A-DB23BA5ED990}.Release|Any CPU.Build.0 = Release|Any CPU
		{9DB091BE-3721-4FA4-B155-14DD4C7619D9}.Debug|Any CPU.ActiveCfg = Debug|Any CPU
		{9DB091BE-3721-4FA4-B155-14DD4C7619D9}.Debug|Any CPU.Build.0 = Debug|Any CPU
		{9DB091BE-3721-4FA4-B155-14DD4C7619D9}.Release|Any CPU.ActiveCfg = Release|Any CPU
		{9DB091BE-3721-4FA4-B155-14DD4C7619D9}.Release|Any CPU.Build.0 = Release|Any CPU
		{A577AB43-7E28-48FA-A900-879D3058F7E5}.Debug|Any CPU.ActiveCfg = Debug|Any CPU
		{A577AB43-7E28-48FA-A900-879D3058F7E5}.Debug|Any CPU.Build.0 = Debug|Any CPU
		{A577AB43-7E28-48FA-A900-879D3058F7E5}.Release|Any CPU.ActiveCfg = Release|Any CPU
		{A577AB43-7E28-48FA-A900-879D3058F7E5}.Release|Any CPU.Build.0 = Release|Any CPU
	EndGlobalSection
	GlobalSection(SolutionProperties) = preSolution
		HideSolutionNode = FALSE
	EndGlobalSection
	GlobalSection(ExtensibilityGlobals) = postSolution
		SolutionGuid = {D490A2E8-4358-4549-854E-DC0AC6A03C46}
	EndGlobalSection
EndGlobal
